
Microsoft Visual Studio Solution File, Format Version 12.00
# Visual Studio Version 17
VisualStudioVersion = 17.9.34414.90
MinimumVisualStudioVersion = 10.0.40219.1
Project("{FAE04EC0-301F-11D3-BF4B-00C04F79EFBC}") = "Tarea 1.3 Aplicacion de Autores", "Tarea 1.3 Aplicacion de Autores.csproj", "{D1F26FEA-0D4C-4E53-9BE2-116DD713357F}"
EndProject
Global
	GlobalSection(SolutionConfigurationPlatforms) = preSolution
		Debug|Any CPU = Debug|Any CPU
		Release|Any CPU = Release|Any CPU
	EndGlobalSection
	GlobalSection(ProjectConfigurationPlatforms) = postSolution
		{D1F26FEA-0D4C-4E53-9BE2-116DD713357F}.Debug|Any CPU.ActiveCfg = Debug|Any CPU
		{D1F26FEA-0D4C-4E53-9BE2-116DD713357F}.Debug|Any CPU.Build.0 = Debug|Any CPU
		{D1F26FEA-0D4C-4E53-9BE2-116DD713357F}.Debug|Any CPU.Deploy.0 = Debug|Any CPU
		{D1F26FEA-0D4C-4E53-9BE2-116DD713357F}.Release|Any CPU.ActiveCfg = Release|Any CPU
		{D1F26FEA-0D4C-4E53-9BE2-116DD713357F}.Release|Any CPU.Build.0 = Release|Any CPU
		{D1F26FEA-0D4C-4E53-9BE2-116DD713357F}.Release|Any CPU.Deploy.0 = Release|Any CPU
	EndGlobalSection
	GlobalSection(SolutionProperties) = preSolution
		HideSolutionNode = FALSE
	EndGlobalSection
	GlobalSection(ExtensibilityGlobals) = postSolution
		SolutionGuid = {2FB26B88-C796-4BD7-AADC-94E2040756ED}
	EndGlobalSection
EndGlobal
